
Microsoft Visual Studio Solution File, Format Version 12.00
# Visual Studio 15
VisualStudioVersion = 15.0.26403.7
MinimumVisualStudioVersion = 10.0.40219.1
Project("{FAE04EC0-301F-11D3-BF4B-00C04F79EFBC}") = "Cient App for Warehouse", "Cient App for Warehouse\Cient App for Warehouse.csproj", "{BF8A2CF6-937F-488F-BCE1-1EBF05F82520}"
EndProject
Project("{FAE04EC0-301F-11D3-BF4B-00C04F79EFBC}") = "ClientAppForBeerWarehouse.TestEndToEnd", "ClientAppForBeerWarehouse.TestEndToEnd\ClientAppForBeerWarehouse.TestEndToEnd.csproj", "{E31B007B-5EA7-46B9-B13F-AD9F6ADEADD2}"
EndProject
Global
	GlobalSection(SolutionConfigurationPlatforms) = preSolution
		Debug|Any CPU = Debug|Any CPU
		Release|Any CPU = Release|Any CPU
	EndGlobalSection
	GlobalSection(ProjectConfigurationPlatforms) = postSolution
		{BF8A2CF6-937F-488F-BCE1-1EBF05F82520}.Debug|Any CPU.ActiveCfg = Debug|Any CPU
		{BF8A2CF6-937F-488F-BCE1-1EBF05F82520}.Debug|Any CPU.Build.0 = Debug|Any CPU
		{BF8A2CF6-937F-488F-BCE1-1EBF05F82520}.Release|Any CPU.ActiveCfg = Release|Any CPU
		{BF8A2CF6-937F-488F-BCE1-1EBF05F82520}.Release|Any CPU.Build.0 = Release|Any CPU
		{E31B007B-5EA7-46B9-B13F-AD9F6ADEADD2}.Debug|Any CPU.ActiveCfg = Debug|Any CPU
		{E31B007B-5EA7-46B9-B13F-AD9F6ADEADD2}.Debug|Any CPU.Build.0 = Debug|Any CPU
		{E31B007B-5EA7-46B9-B13F-AD9F6ADEADD2}.Release|Any CPU.ActiveCfg = Release|Any CPU
		{E31B007B-5EA7-46B9-B13F-AD9F6ADEADD2}.Release|Any CPU.Build.0 = Release|Any CPU
	EndGlobalSection
	GlobalSection(SolutionProperties) = preSolution
		HideSolutionNode = FALSE
	EndGlobalSection
EndGlobal
